// !$*UTF8*$!
{
	archiveVersion = 1;
	classes = {
	};
	objectVersion = 46;
	objects = {

/* Begin PBXBuildFile section */
		185854651D08BA0800FBCA14 /* AppDelegate.swift in Sources */ = {isa = PBXBuildFile; fileRef = 185854641D08BA0800FBCA14 /* AppDelegate.swift */; };
		185854671D08BA0800FBCA14 /* BTLECentralViewController.swift in Sources */ = {isa = PBXBuildFile; fileRef = 185854661D08BA0800FBCA14 /* BTLECentralViewController.swift */; };
		1858546A1D08BA0800FBCA14 /* Main.storyboard in Resources */ = {isa = PBXBuildFile; fileRef = 185854681D08BA0800FBCA14 /* Main.storyboard */; };
		1858546C1D08BA0800FBCA14 /* Assets.xcassets in Resources */ = {isa = PBXBuildFile; fileRef = 1858546B1D08BA0800FBCA14 /* Assets.xcassets */; };
		1858546F1D08BA0800FBCA14 /* LaunchScreen.storyboard in Resources */ = {isa = PBXBuildFile; fileRef = 1858546D1D08BA0800FBCA14 /* LaunchScreen.storyboard */; };
		1858547A1D08BA0800FBCA14 /* BluetoothConnectionTests.swift in Sources */ = {isa = PBXBuildFile; fileRef = 185854791D08BA0800FBCA14 /* BluetoothConnectionTests.swift */; };
		185854851D08C2CC00FBCA14 /* Definitions.swift in Sources */ = {isa = PBXBuildFile; fileRef = 185854841D08C2CC00FBCA14 /* Definitions.swift */; };
/* End PBXBuildFile section */

/* Begin PBXContainerItemProxy section */
		185854761D08BA0800FBCA14 /* PBXContainerItemProxy */ = {
			isa = PBXContainerItemProxy;
			containerPortal = 185854591D08BA0800FBCA14 /* Project object */;
			proxyType = 1;
			remoteGlobalIDString = 185854601D08BA0800FBCA14;
			remoteInfo = BluetoothConnection;
		};
/* End PBXContainerItemProxy section */

/* Begin PBXFileReference section */
		185854611D08BA0800FBCA14 /* BluetoothConnection.app */ = {isa = PBXFileReference; explicitFileType = wrapper.application; includeInIndex = 0; path = BluetoothConnection.app; sourceTree = BUILT_PRODUCTS_DIR; };
		185854641D08BA0800FBCA14 /* AppDelegate.swift */ = {isa = PBXFileReference; lastKnownFileType = sourcecode.swift; path = AppDelegate.swift; sourceTree = "<group>"; };
		185854661D08BA0800FBCA14 /* BTLECentralViewController.swift */ = {isa = PBXFileReference; lastKnownFileType = sourcecode.swift; path = BTLECentralViewController.swift; sourceTree = "<group>"; };
		185854691D08BA0800FBCA14 /* Base */ = {isa = PBXFileReference; lastKnownFileType = file.storyboard; name = Base; path = Base.lproj/Main.storyboard; sourceTree = "<group>"; };
		1858546B1D08BA0800FBCA14 /* Assets.xcassets */ = {isa = PBXFileReference; lastKnownFileType = folder.assetcatalog; path = Assets.xcassets; sourceTree = "<group>"; };
		1858546E1D08BA0800FBCA14 /* Base */ = {isa = PBXFileReference; lastKnownFileType = file.storyboard; name = Base; path = Base.lproj/LaunchScreen.storyboard; sourceTree = "<group>"; };
		185854701D08BA0800FBCA14 /* Info.plist */ = {isa = PBXFileReference; lastKnownFileType = text.plist.xml; path = Info.plist; sourceTree = "<group>"; };
		185854751D08BA0800FBCA14 /* BluetoothConnectionTests.xctest */ = {isa = PBXFileReference; explicitFileType = wrapper.cfbundle; includeInIndex = 0; path = BluetoothConnectionTests.xctest; sourceTree = BUILT_PRODUCTS_DIR; };
		185854791D08BA0800FBCA14 /* BluetoothConnectionTests.swift */ = {isa = PBXFileReference; lastKnownFileType = sourcecode.swift; path = BluetoothConnectionTests.swift; sourceTree = "<group>"; };
		1858547B1D08BA0900FBCA14 /* Info.plist */ = {isa = PBXFileReference; lastKnownFileType = text.plist.xml; path = Info.plist; sourceTree = "<group>"; };
		185854841D08C2CC00FBCA14 /* Definitions.swift */ = {isa = PBXFileReference; fileEncoding = 4; lastKnownFileType = sourcecode.swift; path = Definitions.swift; sourceTree = "<group>"; };
/* End PBXFileReference section */

/* Begin PBXFrameworksBuildPhase section */
		1858545E1D08BA0800FBCA14 /* Frameworks */ = {
			isa = PBXFrameworksBuildPhase;
			buildActionMask = 2147483647;
			files = (
			);
			runOnlyForDeploymentPostprocessing = 0;
		};
		185854721D08BA0800FBCA14 /* Frameworks */ = {
			isa = PBXFrameworksBuildPhase;
			buildActionMask = 2147483647;
			files = (
			);
			runOnlyForDeploymentPostprocessing = 0;
		};
/* End PBXFrameworksBuildPhase section */

/* Begin PBXGroup section */
		185854581D08BA0800FBCA14 = {
			isa = PBXGroup;
			children = (
				185854631D08BA0800FBCA14 /* BluetoothConnection */,
				185854781D08BA0800FBCA14 /* BluetoothConnectionTests */,
				185854621D08BA0800FBCA14 /* Products */,
			);
			sourceTree = "<group>";
		};
		185854621D08BA0800FBCA14 /* Products */ = {
			isa = PBXGroup;
			children = (
				185854611D08BA0800FBCA14 /* BluetoothConnection.app */,
				185854751D08BA0800FBCA14 /* BluetoothConnectionTests.xctest */,
			);
			name = Products;
			sourceTree = "<group>";
		};
		185854631D08BA0800FBCA14 /* BluetoothConnection */ = {
			isa = PBXGroup;
			children = (
				185854641D08BA0800FBCA14 /* AppDelegate.swift */,
				185854661D08BA0800FBCA14 /* BTLECentralViewController.swift */,
				185854681D08BA0800FBCA14 /* Main.storyboard */,
				1858546B1D08BA0800FBCA14 /* Assets.xcassets */,
				1858546D1D08BA0800FBCA14 /* LaunchScreen.storyboard */,
				185854701D08BA0800FBCA14 /* Info.plist */,
				185854841D08C2CC00FBCA14 /* Definitions.swift */,
			);
			path = BluetoothConnection;
			sourceTree = "<group>";
		};
		185854781D08BA0800FBCA14 /* BluetoothConnectionTests */ = {
			isa = PBXGroup;
			children = (
				185854791D08BA0800FBCA14 /* BluetoothConnectionTests.swift */,
				1858547B1D08BA0900FBCA14 /* Info.plist */,
			);
			path = BluetoothConnectionTests;
			sourceTree = "<group>";
		};
/* End PBXGroup section */

/* Begin PBXNativeTarget section */
		185854601D08BA0800FBCA14 /* BluetoothConnection */ = {
			isa = PBXNativeTarget;
			buildConfigurationList = 1858547E1D08BA0900FBCA14 /* Build configuration list for PBXNativeTarget "BluetoothConnection" */;
			buildPhases = (
				1858545D1D08BA0800FBCA14 /* Sources */,
				1858545E1D08BA0800FBCA14 /* Frameworks */,
				1858545F1D08BA0800FBCA14 /* Resources */,
			);
			buildRules = (
			);
			dependencies = (
			);
			name = BluetoothConnection;
			productName = BluetoothConnection;
			productReference = 185854611D08BA0800FBCA14 /* BluetoothConnection.app */;
			productType = "com.apple.product-type.application";
		};
		185854741D08BA0800FBCA14 /* BluetoothConnectionTests */ = {
			isa = PBXNativeTarget;
			buildConfigurationList = 185854811D08BA0900FBCA14 /* Build configuration list for PBXNativeTarget "BluetoothConnectionTests" */;
			buildPhases = (
				185854711D08BA0800FBCA14 /* Sources */,
				185854721D08BA0800FBCA14 /* Frameworks */,
				185854731D08BA0800FBCA14 /* Resources */,
			);
			buildRules = (
			);
			dependencies = (
				185854771D08BA0800FBCA14 /* PBXTargetDependency */,
			);
			name = BluetoothConnectionTests;
			productName = BluetoothConnectionTests;
			productReference = 185854751D08BA0800FBCA14 /* BluetoothConnectionTests.xctest */;
			productType = "com.apple.product-type.bundle.unit-test";
		};
/* End PBXNativeTarget section */

/* Begin PBXProject section */
		185854591D08BA0800FBCA14 /* Project object */ = {
			isa = PBXProject;
			attributes = {
				LastSwiftUpdateCheck = 0730;
				LastUpgradeCheck = 0730;
				ORGANIZATIONNAME = "Xiaosheng Wu";
				TargetAttributes = {
					185854601D08BA0800FBCA14 = {
						CreatedOnToolsVersion = 7.3.1;
						DevelopmentTeam = 79F23NH87X;
					};
					185854741D08BA0800FBCA14 = {
						CreatedOnToolsVersion = 7.3.1;
						DevelopmentTeam = 79F23NH87X;
						TestTargetID = 185854601D08BA0800FBCA14;
					};
				};
			};
			buildConfigurationList = 1858545C1D08BA0800FBCA14 /* Build configuration list for PBXProject "BluetoothConnection" */;
			compatibilityVersion = "Xcode 3.2";
			developmentRegion = English;
			hasScannedForEncodings = 0;
			knownRegions = (
				en,
				Base,
			);
			mainGroup = 185854581D08BA0800FBCA14;
			productRefGroup = 185854621D08BA0800FBCA14 /* Products */;
			projectDirPath = "";
			projectRoot = "";
			targets = (
				185854601D08BA0800FBCA14 /* BluetoothConnection */,
				185854741D08BA0800FBCA14 /* BluetoothConnectionTests */,
			);
		};
/* End PBXProject section */

/* Begin PBXResourcesBuildPhase section */
		1858545F1D08BA0800FBCA14 /* Resources */ = {
			isa = PBXResourcesBuildPhase;
			buildActionMask = 2147483647;
			files = (
				1858546F1D08BA0800FBCA14 /* LaunchScreen.storyboard in Resources */,
				1858546C1D08BA0800FBCA14 /* Assets.xcassets in Resources */,
				1858546A1D08BA0800FBCA14 /* Main.storyboard in Resources */,
			);
			runOnlyForDeploymentPostprocessing = 0;
		};
		185854731D08BA0800FBCA14 /* Resources */ = {
			isa = PBXResourcesBuildPhase;
			buildActionMask = 2147483647;
			files = (
			);
			runOnlyForDeploymentPostprocessing = 0;
		};
/* End PBXResourcesBuildPhase section */

/* Begin PBXSourcesBuildPhase section */
		1858545D1D08BA0800FBCA14 /* Sources */ = {
			isa = PBXSourcesBuildPhase;
			buildActionMask = 2147483647;
			files = (
				185854671D08BA0800FBCA14 /* BTLECentralViewController.swift in Sources */,
				185854851D08C2CC00FBCA14 /* Definitions.swift in Sources */,
				185854651D08BA0800FBCA14 /* AppDelegate.swift in Sources */,
			);
			runOnlyForDeploymentPostprocessing = 0;
		};
		185854711D08BA0800FBCA14 /* Sources */ = {
			isa = PBXSourcesBuildPhase;
			buildActionMask = 2147483647;
			files = (
				1858547A1D08BA0800FBCA14 /* BluetoothConnectionTests.swift in Sources */,
			);
			runOnlyForDeploymentPostprocessing = 0;
		};
/* End PBXSourcesBuildPhase section */

/* Begin PBXTargetDependency section */
		185854771D08BA0800FBCA14 /* PBXTargetDependency */ = {
			isa = PBXTargetDependency;
			target = 185854601D08BA0800FBCA14 /* BluetoothConnection */;
			targetProxy = 185854761D08BA0800FBCA14 /* PBXContainerItemProxy */;
		};
/* End PBXTargetDependency section */

/* Begin PBXVariantGroup section */
		185854681D08BA0800FBCA14 /* Main.storyboard */ = {
			isa = PBXVariantGroup;
			children = (
				185854691D08BA0800FBCA14 /* Base */,
			);
			name = Main.storyboard;
			sourceTree = "<group>";
		};
		1858546D1D08BA0800FBCA14 /* LaunchScreen.storyboard */ = {
			isa = PBXVariantGroup;
			children = (
				1858546E1D08BA0800FBCA14 /* Base */,
			);
			name = LaunchScreen.storyboard;
			sourceTree = "<group>";
		};
/* End PBXVariantGroup section */

/* Begin XCBuildConfiguration section */
		1858547C1D08BA0900FBCA14 /* Debug */ = {
			isa = XCBuildConfiguration;
			buildSettings = {
				ALWAYS_SEARCH_USER_PATHS = NO;
				CLANG_ANALYZER_NONNULL = YES;
				CLANG_CXX_LANGUAGE_STANDARD = "gnu++0x";
				CLANG_CXX_LIBRARY = "libc++";
				CLANG_ENABLE_MODULES = YES;
				CLANG_ENABLE_OBJC_ARC = YES;
				CLANG_WARN_BOOL_CONVERSION = YES;
				CLANG_WARN_CONSTANT_CONVERSION = YES;
				CLANG_WARN_DIRECT_OBJC_ISA_USAGE = YES_ERROR;
				CLANG_WARN_EMPTY_BODY = YES;
				CLANG_WARN_ENUM_CONVERSION = YES;
				CLANG_WARN_INT_CONVERSION = YES;
				CLANG_WARN_OBJC_ROOT_CLASS = YES_ERROR;
				CLANG_WARN_UNREACHABLE_CODE = YES;
				CLANG_WARN__DUPLICATE_METHOD_MATCH = YES;
				"CODE_SIGN_IDENTITY[sdk=iphoneos*]" = "iPhone Developer";
				COPY_PHASE_STRIP = NO;
				DEBUG_INFORMATION_FORMAT = dwarf;
				ENABLE_STRICT_OBJC_MSGSEND = YES;
				ENABLE_TESTABILITY = YES;
				GCC_C_LANGUAGE_STANDARD = gnu99;
				GCC_DYNAMIC_NO_PIC = NO;
				GCC_NO_COMMON_BLOCKS = YES;
				GCC_OPTIMIZATION_LEVEL = 0;
				GCC_PREPROCESSOR_DEFINITIONS = (
					"DEBUG=1",
					"$(inherited)",
				);
				GCC_WARN_64_TO_32_BIT_CONVERSION = YES;
				GCC_WARN_ABOUT_RETURN_TYPE = YES_ERROR;
				GCC_WARN_UNDECLARED_SELECTOR = YES;
				GCC_WARN_UNINITIALIZED_AUTOS = YES_AGGRESSIVE;
				GCC_WARN_UNUSED_FUNCTION = YES;
				GCC_WARN_UNUSED_VARIABLE = YES;
				IPHONEOS_DEPLOYMENT_TARGET = 9.3;
				MTL_ENABLE_DEBUG_INFO = YES;
				ONLY_ACTIVE_ARCH = YES;
				SDKROOT = iphoneos;
				SWIFT_OPTIMIZATION_LEVEL = "-Onone";
				TARGETED_DEVICE_FAMILY = "1,2";
			};
			name = Debug;
		};
		1858547D1D08BA0900FBCA14 /* Release */ = {
			isa = XCBuildConfiguration;
			buildSettings = {
				ALWAYS_SEARCH_USER_PATHS = NO;
				CLANG_ANALYZER_NONNULL = YES;
				CLANG_CXX_LANGUAGE_STANDARD = "gnu++0x";
				CLANG_CXX_LIBRARY = "libc++";
				CLANG_ENABLE_MODULES = YES;
				CLANG_ENABLE_OBJC_ARC = YES;
				CLANG_WARN_BOOL_CONVERSION = YES;
				CLANG_WARN_CONSTANT_CONVERSION = YES;
				CLANG_WARN_DIRECT_OBJC_ISA_USAGE = YES_ERROR;
				CLANG_WARN_EMPTY_BODY = YES;
				CLANG_WARN_ENUM_CONVERSION = YES;
				CLANG_WARN_INT_CONVERSION = YES;
				CLANG_WARN_OBJC_ROOT_CLASS = YES_ERROR;
				CLANG_WARN_UNREACHABLE_CODE = YES;
				CLANG_WARN__DUPLICATE_METHOD_MATCH = YES;
				"CODE_SIGN_IDENTITY[sdk=iphoneos*]" = "iPhone Developer";
				COPY_PHASE_STRIP = NO;
				DEBUG_INFORMATION_FORMAT = "dwarf-with-dsym";
				ENABLE_NS_ASSERTIONS = NO;
				ENABLE_STRICT_OBJC_MSGSEND = YES;
				GCC_C_LANGUAGE_STANDARD = gnu99;
				GCC_NO_COMMON_BLOCKS = YES;
				GCC_WARN_64_TO_32_BIT_CONVERSION = YES;
				GCC_WARN_ABOUT_RETURN_TYPE = YES_ERROR;
				GCC_WARN_UNDECLARED_SELECTOR = YES;
				GCC_WARN_UNINITIALIZED_AUTOS = YES_AGGRESSIVE;
				GCC_WARN_UNUSED_FUNCTION = YES;
				GCC_WARN_UNUSED_VARIABLE = YES;
				IPHONEOS_DEPLOYMENT_TARGET = 9.3;
				MTL_ENABLE_DEBUG_INFO = NO;
				SDKROOT = iphoneos;
				TARGETED_DEVICE_FAMILY = "1,2";
				VALIDATE_PRODUCT = YES;
			};
			name = Release;
		};
		1858547F1D08BA0900FBCA14 /* Debug */ = {
			isa = XCBuildConfiguration;
			buildSettings = {
				ASSETCATALOG_COMPILER_APPICON_NAME = AppIcon;
				INFOPLIST_FILE = BluetoothConnection/Info.plist;
				LD_RUNPATH_SEARCH_PATHS = "$(inherited) @executable_path/Frameworks";
				PRODUCT_BUNDLE_IDENTIFIER = com.wilsonandusa.BluetoothConnection;
				PRODUCT_NAME = "$(TARGET_NAME)";
			};
			name = Debug;
		};
		185854801D08BA0900FBCA14 /* Release */ = {
			isa = XCBuildConfiguration;
			buildSettings = {
				ASSETCATALOG_COMPILER_APPICON_NAME = AppIcon;
				INFOPLIST_FILE = BluetoothConnection/Info.plist;
				LD_RUNPATH_SEARCH_PATHS = "$(inherited) @executable_path/Frameworks";
				PRODUCT_BUNDLE_IDENTIFIER = com.wilsonandusa.BluetoothConnection;
				PRODUCT_NAME = "$(TARGET_NAME)";
			};
			name = Release;
		};
		185854821D08BA0900FBCA14 /* Debug */ = {
			isa = XCBuildConfiguration;
			buildSettings = {
				BUNDLE_LOADER = "$(TEST_HOST)";
				INFOPLIST_FILE = BluetoothConnectionTests/Info.plist;
				LD_RUNPATH_SEARCH_PATHS = "$(inherited) @executable_path/Frameworks @loader_path/Frameworks";
				PRODUCT_BUNDLE_IDENTIFIER = com.wilsonandusa.BluetoothConnectionTests;
				PRODUCT_NAME = "$(TARGET_NAME)";
				TEST_HOST = "$(BUILT_PRODUCTS_DIR)/BluetoothConnection.app/BluetoothConnection";
			};
			name = Debug;
		};
		185854831D08BA0900FBCA14 /* Release */ = {
			isa = XCBuildConfiguration;
			buildSettings = {
				BUNDLE_LOADER = "$(TEST_HOST)";
				INFOPLIST_FILE = BluetoothConnectionTests/Info.plist;
				LD_RUNPATH_SEARCH_PATHS = "$(inherited) @executable_path/Frameworks @loader_path/Frameworks";
				PRODUCT_BUNDLE_IDENTIFIER = com.wilsonandusa.BluetoothConnectionTests;
				PRODUCT_NAME = "$(TARGET_NAME)";
				TEST_HOST = "$(BUILT_PRODUCTS_DIR)/BluetoothConnection.app/BluetoothConnection";
			};
			name = Release;
		};
/* End XCBuildConfiguration section */

/* Begin XCConfigurationList section */
		1858545C1D08BA0800FBCA14 /* Build configuration list for PBXProject "BluetoothConnection" */ = {
			isa = XCConfigurationList;
			buildConfigurations = (
				1858547C1D08BA0900FBCA14 /* Debug */,
				1858547D1D08BA0900FBCA14 /* Release */,
			);
			defaultConfigurationIsVisible = 0;
			defaultConfigurationName = Release;
		};
		1858547E1D08BA0900FBCA14 /* Build configuration list for PBXNativeTarget "BluetoothConnection" */ = {
			isa = XCConfigurationList;
			buildConfigurations = (
				1858547F1D08BA0900FBCA14 /* Debug */,
				185854801D08BA0900FBCA14 /* Release */,
			);
			defaultConfigurationIsVisible = 0;
		};
		185854811D08BA0900FBCA14 /* Build configuration list for PBXNativeTarget "BluetoothConnectionTests" */ = {
			isa = XCConfigurationList;
			buildConfigurations = (
				185854821D08BA0900FBCA14 /* Debug */,
				185854831D08BA0900FBCA14 /* Release */,
			);
			defaultConfigurationIsVisible = 0;
		};
/* End XCConfigurationList section */
	};
	rootObject = 185854591D08BA0800FBCA14 /* Project object */;
}
